
Microsoft Visual Studio Solution File, Format Version 12.00
# Visual Studio Version 16
VisualStudioVersion = 16.0.31112.23
MinimumVisualStudioVersion = 10.0.40219.1
Project("{8BC9CEB8-8B4A-11D0-8D11-00A0C91BC942}") = "Binar_tree_preorder", "Binar_tree_preorder\Binar_tree_preorder.vcxproj", "{63035D25-FC75-4798-A16A-05BF437B4207}"
EndProject
Global
	GlobalSection(SolutionConfigurationPlatforms) = preSolution
		Debug|x64 = Debug|x64
		Debug|x86 = Debug|x86
		Release|x64 = Release|x64
		Release|x86 = Release|x86
	EndGlobalSection
	GlobalSection(ProjectConfigurationPlatforms) = postSolution
		{63035D25-FC75-4798-A16A-05BF437B4207}.Debug|x64.ActiveCfg = Debug|x64
		{63035D25-FC75-4798-A16A-05BF437B4207}.Debug|x64.Build.0 = Debug|x64
		{63035D25-FC75-4798-A16A-05BF437B4207}.Debug|x86.ActiveCfg = Debug|Win32
		{63035D25-FC75-4798-A16A-05BF437B4207}.Debug|x86.Build.0 = Debug|Win32
		{63035D25-FC75-4798-A16A-05BF437B4207}.Release|x64.ActiveCfg = Release|x64
		{63035D25-FC75-4798-A16A-05BF437B4207}.Release|x64.Build.0 = Release|x64
		{63035D25-FC75-4798-A16A-05BF437B4207}.Release|x86.ActiveCfg = Release|Win32
		{63035D25-FC75-4798-A16A-05BF437B4207}.Release|x86.Build.0 = Release|Win32
	EndGlobalSection
	GlobalSection(SolutionProperties) = preSolution
		HideSolutionNode = FALSE
	EndGlobalSection
	GlobalSection(ExtensibilityGlobals) = postSolution
		SolutionGuid = {39867D15-C6AD-4E4A-89C6-67B7A40568B2}
	EndGlobalSection
EndGlobal
