
Microsoft Visual Studio Solution File, Format Version 12.00
# Visual Studio Version 16
VisualStudioVersion = 16.0.31112.23
MinimumVisualStudioVersion = 10.0.40219.1
Project("{8BC9CEB8-8B4A-11D0-8D11-00A0C91BC942}") = "Kruskal’s_Algorithm", "Kruskal’s_Algorithm\Kruskal’s_Algorithm.vcxproj", "{B9A16704-D4F7-49A8-AB53-E47B49F55C82}"
EndProject
Global
	GlobalSection(SolutionConfigurationPlatforms) = preSolution
		Debug|x64 = Debug|x64
		Debug|x86 = Debug|x86
		Release|x64 = Release|x64
		Release|x86 = Release|x86
	EndGlobalSection
	GlobalSection(ProjectConfigurationPlatforms) = postSolution
		{B9A16704-D4F7-49A8-AB53-E47B49F55C82}.Debug|x64.ActiveCfg = Debug|x64
		{B9A16704-D4F7-49A8-AB53-E47B49F55C82}.Debug|x64.Build.0 = Debug|x64
		{B9A16704-D4F7-49A8-AB53-E47B49F55C82}.Debug|x86.ActiveCfg = Debug|Win32
		{B9A16704-D4F7-49A8-AB53-E47B49F55C82}.Debug|x86.Build.0 = Debug|Win32
		{B9A16704-D4F7-49A8-AB53-E47B49F55C82}.Release|x64.ActiveCfg = Release|x64
		{B9A16704-D4F7-49A8-AB53-E47B49F55C82}.Release|x64.Build.0 = Release|x64
		{B9A16704-D4F7-49A8-AB53-E47B49F55C82}.Release|x86.ActiveCfg = Release|Win32
		{B9A16704-D4F7-49A8-AB53-E47B49F55C82}.Release|x86.Build.0 = Release|Win32
	EndGlobalSection
	GlobalSection(SolutionProperties) = preSolution
		HideSolutionNode = FALSE
	EndGlobalSection
	GlobalSection(ExtensibilityGlobals) = postSolution
		SolutionGuid = {A220CF5E-2248-4C30-A957-9807E5CB4CC4}
	EndGlobalSection
EndGlobal
